#
# This file is autogenerated by pip-compile with Python 3.13
# by the following command:
#
#    pip-compile --output-file=requirements.lock requirements.txt
#
certifi==2026.5.20
    # via requests
charset-normalizer==3.4.7
    # via requests
et-xmlfile==2.0.0
    # via openpyxl
idna==3.18
    # via requests
numpy==2.4.6
    # via pandas
openpyxl==3.1.5
    # via -r requirements.txt
pandas==2.2.3
    # via -r requirements.txt
phonenumbers==8.13.50
    # via -r requirements.txt
python-dateutil==2.9.0.post0
    # via pandas
pytz==2026.2
    # via pandas
requests==2.32.3
    # via -r requirements.txt
six==1.17.0
    # via python-dateutil
tzdata==2026.2
    # via pandas
urllib3==2.7.0
    # via requests
xlrd==2.0.2
    # via -r requirements.txt
